
Microsoft Visual Studio Solution File, Format Version 12.00
# Visual Studio Version 17
VisualStudioVersion = 17.0.31903.59
MinimumVisualStudioVersion = 10.0.40219.1
Project("{FAE04EC0-301F-11D3-BF4B-00C04F79EFBC}") = "ApiBase", "ApiBase\ApiBase.csproj", "{F753C285-042B-4A23-8CA3-5653011CCB54}"
EndProject
Project("{FAE04EC0-301F-11D3-BF4B-00C04F79EFBC}") = "ApiBase.UnitTests", "ApiBase.UnitTests\ApiBase.UnitTests.csproj", "{A83D101C-D2DC-4B56-B0B4-36F517A6D572}"
EndProject
Project("{FAE04EC0-301F-11D3-BF4B-00C04F79EFBC}") = "Tools", "Tools\Tools.csproj", "{6BEB132E-85CF-45FA-9EE7-00B6B7D7D6BB}"
EndProject
Project("{FAE04EC0-301F-11D3-BF4B-00C04F79EFBC}") = "Identity.Api", "Identity.Api\Identity.Api.csproj", "{28DD7DEC-4840-451F-A32D-A893906E3B8C}"
EndProject
Global
	GlobalSection(SolutionConfigurationPlatforms) = preSolution
		Debug|Any CPU = Debug|Any CPU
		Release|Any CPU = Release|Any CPU
	EndGlobalSection
	GlobalSection(SolutionProperties) = preSolution
		HideSolutionNode = FALSE
	EndGlobalSection
	GlobalSection(ProjectConfigurationPlatforms) = postSolution
		{F753C285-042B-4A23-8CA3-5653011CCB54}.Debug|Any CPU.ActiveCfg = Debug|Any CPU
		{F753C285-042B-4A23-8CA3-5653011CCB54}.Debug|Any CPU.Build.0 = Debug|Any CPU
		{F753C285-042B-4A23-8CA3-5653011CCB54}.Release|Any CPU.ActiveCfg = Release|Any CPU
		{F753C285-042B-4A23-8CA3-5653011CCB54}.Release|Any CPU.Build.0 = Release|Any CPU
		{A83D101C-D2DC-4B56-B0B4-36F517A6D572}.Debug|Any CPU.ActiveCfg = Debug|Any CPU
		{A83D101C-D2DC-4B56-B0B4-36F517A6D572}.Debug|Any CPU.Build.0 = Debug|Any CPU
		{A83D101C-D2DC-4B56-B0B4-36F517A6D572}.Release|Any CPU.ActiveCfg = Release|Any CPU
		{A83D101C-D2DC-4B56-B0B4-36F517A6D572}.Release|Any CPU.Build.0 = Release|Any CPU
		{6BEB132E-85CF-45FA-9EE7-00B6B7D7D6BB}.Debug|Any CPU.ActiveCfg = Debug|Any CPU
		{6BEB132E-85CF-45FA-9EE7-00B6B7D7D6BB}.Debug|Any CPU.Build.0 = Debug|Any CPU
		{6BEB132E-85CF-45FA-9EE7-00B6B7D7D6BB}.Release|Any CPU.ActiveCfg = Release|Any CPU
		{6BEB132E-85CF-45FA-9EE7-00B6B7D7D6BB}.Release|Any CPU.Build.0 = Release|Any CPU
		{28DD7DEC-4840-451F-A32D-A893906E3B8C}.Debug|Any CPU.ActiveCfg = Debug|Any CPU
		{28DD7DEC-4840-451F-A32D-A893906E3B8C}.Debug|Any CPU.Build.0 = Debug|Any CPU
		{28DD7DEC-4840-451F-A32D-A893906E3B8C}.Release|Any CPU.ActiveCfg = Release|Any CPU
		{28DD7DEC-4840-451F-A32D-A893906E3B8C}.Release|Any CPU.Build.0 = Release|Any CPU
	EndGlobalSection
EndGlobal
